
Microsoft Visual Studio Solution File, Format Version 12.00
# Visual Studio Version 16
VisualStudioVersion = 16.0.31321.278
MinimumVisualStudioVersion = 10.0.40219.1
Project("{FAE04EC0-301F-11D3-BF4B-00C04F79EFBC}") = "TrabajoPractico01", "TrabajoPractico01\TrabajoPractico01.csproj", "{0FCAAEC2-F9F6-446A-868F-58175CC3DFCF}"
EndProject
Global
	GlobalSection(SolutionConfigurationPlatforms) = preSolution
		Debug|Any CPU = Debug|Any CPU
		Release|Any CPU = Release|Any CPU
	EndGlobalSection
	GlobalSection(ProjectConfigurationPlatforms) = postSolution
		{0FCAAEC2-F9F6-446A-868F-58175CC3DFCF}.Debug|Any CPU.ActiveCfg = Debug|Any CPU
		{0FCAAEC2-F9F6-446A-868F-58175CC3DFCF}.Debug|Any CPU.Build.0 = Debug|Any CPU
		{0FCAAEC2-F9F6-446A-868F-58175CC3DFCF}.Release|Any CPU.ActiveCfg = Release|Any CPU
		{0FCAAEC2-F9F6-446A-868F-58175CC3DFCF}.Release|Any CPU.Build.0 = Release|Any CPU
	EndGlobalSection
	GlobalSection(SolutionProperties) = preSolution
		HideSolutionNode = FALSE
	EndGlobalSection
	GlobalSection(ExtensibilityGlobals) = postSolution
		SolutionGuid = {3DFD51F2-5FA0-4870-B510-B834CF23031E}
	EndGlobalSection
EndGlobal
